# This file is automatically @generated by Cargo.
# It is not intended for manual editing.
version = 3

[[package]]
name = "anyhow"
version = "1.0.89"
source = "registry+https://github.com/rust-lang/crates.io-index"
checksum = "86fdf8605db99b54d3cd748a44c6d04df638eb5dafb219b135d0149bd0db01f6"

[[package]]
name = "bitstream-io"
version = "2.5.3"
source = "registry+https://github.com/rust-lang/crates.io-index"
checksum = "b81e1519b0d82120d2fd469d5bfb2919a9361c48b02d82d04befc1cdd2002452"

[[package]]
name = "file-compressor"
version = "0.1.0"
dependencies = [
 "anyhow",
 "bitstream-io",
 "pre-commit",
]

[[package]]
name = "pre-commit"
version = "0.5.2"
source = "registry+https://github.com/rust-lang/crates.io-index"
checksum = "d0f2b9887f84ec91cd86f71c193b883209d744bc8c2a3363c6b1df88efa5af8f"
dependencies = [
 "rustc-serialize",
 "toml",
]

[[package]]
name = "rustc-serialize"
version = "0.3.25"
source = "registry+https://github.com/rust-lang/crates.io-index"
checksum = "fe834bc780604f4674073badbad26d7219cadfb4a2275802db12cbae17498401"

[[package]]
name = "toml"
version = "0.2.1"
source = "registry+https://github.com/rust-lang/crates.io-index"
checksum = "736b60249cb25337bc196faa43ee12c705e426f3d55c214d73a4e7be06f92cb4"
dependencies = [
 "rustc-serialize",
]
