# This file is automatically @generated by Cargo.
# It is not intended for manual editing.
version = 3

[[package]]
name = "bitstream-io"
version = "2.5.3"
source = "registry+https://github.com/rust-lang/crates.io-index"
checksum = "b81e1519b0d82120d2fd469d5bfb2919a9361c48b02d82d04befc1cdd2002452"

[[package]]
name = "file-compressor"
version = "0.1.0"
dependencies = [
 "bitstream-io",
]
